
Microsoft Visual Studio Solution File, Format Version 12.00
# Visual Studio Version 17
VisualStudioVersion = 17.3.32929.385
MinimumVisualStudioVersion = 10.0.40219.1
Project("{FAE04EC0-301F-11D3-BF4B-00C04F79EFBC}") = "WpfApp3", "WpfApp3\WpfApp3.csproj", "{08FCAB9A-4179-4C4A-BF6C-23ADB3E9F8CE}"
EndProject
Global
	GlobalSection(SolutionConfigurationPlatforms) = preSolution
		Debug|Any CPU = Debug|Any CPU
		Release|Any CPU = Release|Any CPU
	EndGlobalSection
	GlobalSection(ProjectConfigurationPlatforms) = postSolution
		{08FCAB9A-4179-4C4A-BF6C-23ADB3E9F8CE}.Debug|Any CPU.ActiveCfg = Debug|Any CPU
		{08FCAB9A-4179-4C4A-BF6C-23ADB3E9F8CE}.Debug|Any CPU.Build.0 = Debug|Any CPU
		{08FCAB9A-4179-4C4A-BF6C-23ADB3E9F8CE}.Release|Any CPU.ActiveCfg = Release|Any CPU
		{08FCAB9A-4179-4C4A-BF6C-23ADB3E9F8CE}.Release|Any CPU.Build.0 = Release|Any CPU
	EndGlobalSection
	GlobalSection(SolutionProperties) = preSolution
		HideSolutionNode = FALSE
	EndGlobalSection
	GlobalSection(ExtensibilityGlobals) = postSolution
		SolutionGuid = {859A2B5B-27C0-4664-9232-65CB22C29BC6}
	EndGlobalSection
EndGlobal
